
Microsoft Visual Studio Solution File, Format Version 12.00
# Visual Studio Version 17
VisualStudioVersion = 17.11.35327.3
MinimumVisualStudioVersion = 10.0.40219.1
Project("{FAE04EC0-301F-11D3-BF4B-00C04F79EFBC}") = "WebApiTodo", "WebApiTodo\WebApiTodo.csproj", "{FF601DC9-3877-4853-809C-366ADB27A3F9}"
EndProject
Global
	GlobalSection(SolutionConfigurationPlatforms) = preSolution
		Debug|Any CPU = Debug|Any CPU
		Release|Any CPU = Release|Any CPU
	EndGlobalSection
	GlobalSection(ProjectConfigurationPlatforms) = postSolution
		{FF601DC9-3877-4853-809C-366ADB27A3F9}.Debug|Any CPU.ActiveCfg = Debug|Any CPU
		{FF601DC9-3877-4853-809C-366ADB27A3F9}.Debug|Any CPU.Build.0 = Debug|Any CPU
		{FF601DC9-3877-4853-809C-366ADB27A3F9}.Release|Any CPU.ActiveCfg = Release|Any CPU
		{FF601DC9-3877-4853-809C-366ADB27A3F9}.Release|Any CPU.Build.0 = Release|Any CPU
	EndGlobalSection
	GlobalSection(SolutionProperties) = preSolution
		HideSolutionNode = FALSE
	EndGlobalSection
	GlobalSection(ExtensibilityGlobals) = postSolution
		SolutionGuid = {AEDB50D7-1BA0-491B-A6AB-9E6B187CCD7E}
	EndGlobalSection
EndGlobal
